
Microsoft Visual Studio Solution File, Format Version 12.00
# Visual Studio 15
VisualStudioVersion = 15.0.28307.902
MinimumVisualStudioVersion = 10.0.40219.1
Project("{FAE04EC0-301F-11D3-BF4B-00C04F79EFBC}") = "JC.Samples.Web.Api", "JC.Samples.Web.Api\JC.Samples.Web.Api.csproj", "{0EBCB0E2-6681-4FB5-B994-560AAD1BF079}"
EndProject
Global
	GlobalSection(SolutionConfigurationPlatforms) = preSolution
		Debug|Any CPU = Debug|Any CPU
		Release|Any CPU = Release|Any CPU
	EndGlobalSection
	GlobalSection(ProjectConfigurationPlatforms) = postSolution
		{0EBCB0E2-6681-4FB5-B994-560AAD1BF079}.Debug|Any CPU.ActiveCfg = Debug|Any CPU
		{0EBCB0E2-6681-4FB5-B994-560AAD1BF079}.Debug|Any CPU.Build.0 = Debug|Any CPU
		{0EBCB0E2-6681-4FB5-B994-560AAD1BF079}.Release|Any CPU.ActiveCfg = Release|Any CPU
		{0EBCB0E2-6681-4FB5-B994-560AAD1BF079}.Release|Any CPU.Build.0 = Release|Any CPU
	EndGlobalSection
	GlobalSection(SolutionProperties) = preSolution
		HideSolutionNode = FALSE
	EndGlobalSection
	GlobalSection(ExtensibilityGlobals) = postSolution
		SolutionGuid = {1D1066E0-EBB4-4DFA-B848-82C7FBC107F4}
	EndGlobalSection
EndGlobal
